// !$*UTF8*$!
{
	archiveVersion = 1;
	classes = {
	};
	objectVersion = 55;
	objects = {

/* Begin PBXBuildFile section */
		71C977BD2878AA8C004A457D /* AppDelegate.swift in Sources */ = {isa = PBXBuildFile; fileRef = 71C977BC2878AA8C004A457D /* AppDelegate.swift */; };
		71C977BF2878AA8C004A457D /* SceneDelegate.swift in Sources */ = {isa = PBXBuildFile; fileRef = 71C977BE2878AA8C004A457D /* SceneDelegate.swift */; };
		71C977C62878AA8D004A457D /* Assets.xcassets in Resources */ = {isa = PBXBuildFile; fileRef = 71C977C52878AA8D004A457D /* Assets.xcassets */; };
		71C977C92878AA8D004A457D /* LaunchScreen.storyboard in Resources */ = {isa = PBXBuildFile; fileRef = 71C977C72878AA8D004A457D /* LaunchScreen.storyboard */; };
		71C977D42878AA8D004A457D /* chattyTests.swift in Sources */ = {isa = PBXBuildFile; fileRef = 71C977D32878AA8D004A457D /* chattyTests.swift */; };
		71C977DE2878AA8D004A457D /* chattyUITests.swift in Sources */ = {isa = PBXBuildFile; fileRef = 71C977DD2878AA8D004A457D /* chattyUITests.swift */; };
		71C977E02878AA8D004A457D /* chattyUITestsLaunchTests.swift in Sources */ = {isa = PBXBuildFile; fileRef = 71C977DF2878AA8D004A457D /* chattyUITestsLaunchTests.swift */; };
		71C977ED2878AC5D004A457D /* TabViewController.swift in Sources */ = {isa = PBXBuildFile; fileRef = 71C977EC2878AC5D004A457D /* TabViewController.swift */; };
		71C977F62878C1FF004A457D /* FeedView.swift in Sources */ = {isa = PBXBuildFile; fileRef = 71C977F52878C1FF004A457D /* FeedView.swift */; };
		71C978002878C3DE004A457D /* AccountView.swift in Sources */ = {isa = PBXBuildFile; fileRef = 71C977FF2878C3DE004A457D /* AccountView.swift */; };
		71C978032878C444004A457D /* ViewControllerRepresentable.swift in Sources */ = {isa = PBXBuildFile; fileRef = 71C978022878C444004A457D /* ViewControllerRepresentable.swift */; };
/* End PBXBuildFile section */

/* Begin PBXContainerItemProxy section */
		71C977D02878AA8D004A457D /* PBXContainerItemProxy */ = {
			isa = PBXContainerItemProxy;
			containerPortal = 71C977B12878AA8C004A457D /* Project object */;
			proxyType = 1;
			remoteGlobalIDString = 71C977B82878AA8C004A457D;
			remoteInfo = chatty;
		};
		71C977DA2878AA8D004A457D /* PBXContainerItemProxy */ = {
			isa = PBXContainerItemProxy;
			containerPortal = 71C977B12878AA8C004A457D /* Project object */;
			proxyType = 1;
			remoteGlobalIDString = 71C977B82878AA8C004A457D;
			remoteInfo = chatty;
		};
/* End PBXContainerItemProxy section */

/* Begin PBXFileReference section */
		71C977B92878AA8C004A457D /* chatty.app */ = {isa = PBXFileReference; explicitFileType = wrapper.application; includeInIndex = 0; path = chatty.app; sourceTree = BUILT_PRODUCTS_DIR; };
		71C977BC2878AA8C004A457D /* AppDelegate.swift */ = {isa = PBXFileReference; lastKnownFileType = sourcecode.swift; path = AppDelegate.swift; sourceTree = "<group>"; };
		71C977BE2878AA8C004A457D /* SceneDelegate.swift */ = {isa = PBXFileReference; lastKnownFileType = sourcecode.swift; path = SceneDelegate.swift; sourceTree = "<group>"; };
		71C977C52878AA8D004A457D /* Assets.xcassets */ = {isa = PBXFileReference; lastKnownFileType = folder.assetcatalog; path = Assets.xcassets; sourceTree = "<group>"; };
		71C977C82878AA8D004A457D /* Base */ = {isa = PBXFileReference; lastKnownFileType = file.storyboard; name = Base; path = Base.lproj/LaunchScreen.storyboard; sourceTree = "<group>"; };
		71C977CA2878AA8D004A457D /* Info.plist */ = {isa = PBXFileReference; lastKnownFileType = text.plist.xml; path = Info.plist; sourceTree = "<group>"; };
		71C977CF2878AA8D004A457D /* chattyTests.xctest */ = {isa = PBXFileReference; explicitFileType = wrapper.cfbundle; includeInIndex = 0; path = chattyTests.xctest; sourceTree = BUILT_PRODUCTS_DIR; };
		71C977D32878AA8D004A457D /* chattyTests.swift */ = {isa = PBXFileReference; lastKnownFileType = sourcecode.swift; path = chattyTests.swift; sourceTree = "<group>"; };
		71C977D92878AA8D004A457D /* chattyUITests.xctest */ = {isa = PBXFileReference; explicitFileType = wrapper.cfbundle; includeInIndex = 0; path = chattyUITests.xctest; sourceTree = BUILT_PRODUCTS_DIR; };
		71C977DD2878AA8D004A457D /* chattyUITests.swift */ = {isa = PBXFileReference; lastKnownFileType = sourcecode.swift; path = chattyUITests.swift; sourceTree = "<group>"; };
		71C977DF2878AA8D004A457D /* chattyUITestsLaunchTests.swift */ = {isa = PBXFileReference; lastKnownFileType = sourcecode.swift; path = chattyUITestsLaunchTests.swift; sourceTree = "<group>"; };
		71C977EC2878AC5D004A457D /* TabViewController.swift */ = {isa = PBXFileReference; lastKnownFileType = sourcecode.swift; path = TabViewController.swift; sourceTree = "<group>"; };
		71C977F52878C1FF004A457D /* FeedView.swift */ = {isa = PBXFileReference; lastKnownFileType = sourcecode.swift; path = FeedView.swift; sourceTree = "<group>"; };
		71C977FF2878C3DE004A457D /* AccountView.swift */ = {isa = PBXFileReference; lastKnownFileType = sourcecode.swift; path = AccountView.swift; sourceTree = "<group>"; };
		71C978022878C444004A457D /* ViewControllerRepresentable.swift */ = {isa = PBXFileReference; lastKnownFileType = sourcecode.swift; path = ViewControllerRepresentable.swift; sourceTree = "<group>"; };
/* End PBXFileReference section */

/* Begin PBXFrameworksBuildPhase section */
		71C977B62878AA8C004A457D /* Frameworks */ = {
			isa = PBXFrameworksBuildPhase;
			buildActionMask = 2147483647;
			files = (
			);
			runOnlyForDeploymentPostprocessing = 0;
		};
		71C977CC2878AA8D004A457D /* Frameworks */ = {
			isa = PBXFrameworksBuildPhase;
			buildActionMask = 2147483647;
			files = (
			);
			runOnlyForDeploymentPostprocessing = 0;
		};
		71C977D62878AA8D004A457D /* Frameworks */ = {
			isa = PBXFrameworksBuildPhase;
			buildActionMask = 2147483647;
			files = (
			);
			runOnlyForDeploymentPostprocessing = 0;
		};
/* End PBXFrameworksBuildPhase section */

/* Begin PBXGroup section */
		71C977B02878AA8C004A457D = {
			isa = PBXGroup;
			children = (
				71C977BB2878AA8C004A457D /* chatty */,
				71C977D22878AA8D004A457D /* chattyTests */,
				71C977DC2878AA8D004A457D /* chattyUITests */,
				71C977BA2878AA8C004A457D /* Products */,
			);
			sourceTree = "<group>";
		};
		71C977BA2878AA8C004A457D /* Products */ = {
			isa = PBXGroup;
			children = (
				71C977B92878AA8C004A457D /* chatty.app */,
				71C977CF2878AA8D004A457D /* chattyTests.xctest */,
				71C977D92878AA8D004A457D /* chattyUITests.xctest */,
			);
			name = Products;
			sourceTree = "<group>";
		};
		71C977BB2878AA8C004A457D /* chatty */ = {
			isa = PBXGroup;
			children = (
				71C978012878C401004A457D /* Shared */,
				71C977F22878C0F2004A457D /* Features */,
				71C977CA2878AA8D004A457D /* Info.plist */,
				71C977F12878C06A004A457D /* Networking */,
				71C977F32878C108004A457D /* Resources */,
			);
			path = chatty;
			sourceTree = "<group>";
		};
		71C977D22878AA8D004A457D /* chattyTests */ = {
			isa = PBXGroup;
			children = (
				71C977D32878AA8D004A457D /* chattyTests.swift */,
			);
			path = chattyTests;
			sourceTree = "<group>";
		};
		71C977DC2878AA8D004A457D /* chattyUITests */ = {
			isa = PBXGroup;
			children = (
				71C977DD2878AA8D004A457D /* chattyUITests.swift */,
				71C977DF2878AA8D004A457D /* chattyUITestsLaunchTests.swift */,
			);
			path = chattyUITests;
			sourceTree = "<group>";
		};
		71C977F12878C06A004A457D /* Networking */ = {
			isa = PBXGroup;
			children = (
			);
			path = Networking;
			sourceTree = "<group>";
		};
		71C977F22878C0F2004A457D /* Features */ = {
			isa = PBXGroup;
			children = (
				71C977FB2878C367004A457D /* Account */,
				71C977F72878C25A004A457D /* Feed */,
				71C977F42878C13B004A457D /* Homepage */,
			);
			path = Features;
			sourceTree = "<group>";
		};
		71C977F32878C108004A457D /* Resources */ = {
			isa = PBXGroup;
			children = (
				71C977BC2878AA8C004A457D /* AppDelegate.swift */,
				71C977BE2878AA8C004A457D /* SceneDelegate.swift */,
				71C977C52878AA8D004A457D /* Assets.xcassets */,
				71C977C72878AA8D004A457D /* LaunchScreen.storyboard */,
			);
			path = Resources;
			sourceTree = "<group>";
		};
		71C977F42878C13B004A457D /* Homepage */ = {
			isa = PBXGroup;
			children = (
				71C977EC2878AC5D004A457D /* TabViewController.swift */,
			);
			path = Homepage;
			sourceTree = "<group>";
		};
		71C977F72878C25A004A457D /* Feed */ = {
			isa = PBXGroup;
			children = (
				71C977FA2878C2C5004A457D /* Logic */,
				71C977F92878C2B7004A457D /* Models */,
				71C977F82878C2A7004A457D /* Views */,
			);
			path = Feed;
			sourceTree = "<group>";
		};
		71C977F82878C2A7004A457D /* Views */ = {
			isa = PBXGroup;
			children = (
				71C977F52878C1FF004A457D /* FeedView.swift */,
			);
			path = Views;
			sourceTree = "<group>";
		};
		71C977F92878C2B7004A457D /* Models */ = {
			isa = PBXGroup;
			children = (
			);
			path = Models;
			sourceTree = "<group>";
		};
		71C977FA2878C2C5004A457D /* Logic */ = {
			isa = PBXGroup;
			children = (
			);
			path = Logic;
			sourceTree = "<group>";
		};
		71C977FB2878C367004A457D /* Account */ = {
			isa = PBXGroup;
			children = (
				71C977FD2878C37D004A457D /* Logic */,
				71C977FE2878C383004A457D /* Models */,
				71C977FC2878C371004A457D /* Views */,
			);
			path = Account;
			sourceTree = "<group>";
		};
		71C977FC2878C371004A457D /* Views */ = {
			isa = PBXGroup;
			children = (
				71C977FF2878C3DE004A457D /* AccountView.swift */,
			);
			path = Views;
			sourceTree = "<group>";
		};
		71C977FD2878C37D004A457D /* Logic */ = {
			isa = PBXGroup;
			children = (
			);
			path = Logic;
			sourceTree = "<group>";
		};
		71C977FE2878C383004A457D /* Models */ = {
			isa = PBXGroup;
			children = (
			);
			path = Models;
			sourceTree = "<group>";
		};
		71C978012878C401004A457D /* Shared */ = {
			isa = PBXGroup;
			children = (
				71C978022878C444004A457D /* ViewControllerRepresentable.swift */,
			);
			path = Shared;
			sourceTree = "<group>";
		};
/* End PBXGroup section */

/* Begin PBXNativeTarget section */
		71C977B82878AA8C004A457D /* chatty */ = {
			isa = PBXNativeTarget;
			buildConfigurationList = 71C977E32878AA8D004A457D /* Build configuration list for PBXNativeTarget "chatty" */;
			buildPhases = (
				71C977B52878AA8C004A457D /* Sources */,
				71C977B62878AA8C004A457D /* Frameworks */,
				71C977B72878AA8C004A457D /* Resources */,
			);
			buildRules = (
			);
			dependencies = (
			);
			name = chatty;
			productName = chatty;
			productReference = 71C977B92878AA8C004A457D /* chatty.app */;
			productType = "com.apple.product-type.application";
		};
		71C977CE2878AA8D004A457D /* chattyTests */ = {
			isa = PBXNativeTarget;
			buildConfigurationList = 71C977E62878AA8D004A457D /* Build configuration list for PBXNativeTarget "chattyTests" */;
			buildPhases = (
				71C977CB2878AA8D004A457D /* Sources */,
				71C977CC2878AA8D004A457D /* Frameworks */,
				71C977CD2878AA8D004A457D /* Resources */,
			);
			buildRules = (
			);
			dependencies = (
				71C977D12878AA8D004A457D /* PBXTargetDependency */,
			);
			name = chattyTests;
			productName = chattyTests;
			productReference = 71C977CF2878AA8D004A457D /* chattyTests.xctest */;
			productType = "com.apple.product-type.bundle.unit-test";
		};
		71C977D82878AA8D004A457D /* chattyUITests */ = {
			isa = PBXNativeTarget;
			buildConfigurationList = 71C977E92878AA8D004A457D /* Build configuration list for PBXNativeTarget "chattyUITests" */;
			buildPhases = (
				71C977D52878AA8D004A457D /* Sources */,
				71C977D62878AA8D004A457D /* Frameworks */,
				71C977D72878AA8D004A457D /* Resources */,
			);
			buildRules = (
			);
			dependencies = (
				71C977DB2878AA8D004A457D /* PBXTargetDependency */,
			);
			name = chattyUITests;
			productName = chattyUITests;
			productReference = 71C977D92878AA8D004A457D /* chattyUITests.xctest */;
			productType = "com.apple.product-type.bundle.ui-testing";
		};
/* End PBXNativeTarget section */

/* Begin PBXProject section */
		71C977B12878AA8C004A457D /* Project object */ = {
			isa = PBXProject;
			attributes = {
				BuildIndependentTargetsInParallel = 1;
				LastSwiftUpdateCheck = 1340;
				LastUpgradeCheck = 1340;
				TargetAttributes = {
					71C977B82878AA8C004A457D = {
						CreatedOnToolsVersion = 13.4;
					};
					71C977CE2878AA8D004A457D = {
						CreatedOnToolsVersion = 13.4;
						TestTargetID = 71C977B82878AA8C004A457D;
					};
					71C977D82878AA8D004A457D = {
						CreatedOnToolsVersion = 13.4;
						TestTargetID = 71C977B82878AA8C004A457D;
					};
				};
			};
			buildConfigurationList = 71C977B42878AA8C004A457D /* Build configuration list for PBXProject "chatty" */;
			compatibilityVersion = "Xcode 13.0";
			developmentRegion = en;
			hasScannedForEncodings = 0;
			knownRegions = (
				en,
				Base,
			);
			mainGroup = 71C977B02878AA8C004A457D;
			productRefGroup = 71C977BA2878AA8C004A457D /* Products */;
			projectDirPath = "";
			projectRoot = "";
			targets = (
				71C977B82878AA8C004A457D /* chatty */,
				71C977CE2878AA8D004A457D /* chattyTests */,
				71C977D82878AA8D004A457D /* chattyUITests */,
			);
		};
/* End PBXProject section */

/* Begin PBXResourcesBuildPhase section */
		71C977B72878AA8C004A457D /* Resources */ = {
			isa = PBXResourcesBuildPhase;
			buildActionMask = 2147483647;
			files = (
				71C977C92878AA8D004A457D /* LaunchScreen.storyboard in Resources */,
				71C977C62878AA8D004A457D /* Assets.xcassets in Resources */,
			);
			runOnlyForDeploymentPostprocessing = 0;
		};
		71C977CD2878AA8D004A457D /* Resources */ = {
			isa = PBXResourcesBuildPhase;
			buildActionMask = 2147483647;
			files = (
			);
			runOnlyForDeploymentPostprocessing = 0;
		};
		71C977D72878AA8D004A457D /* Resources */ = {
			isa = PBXResourcesBuildPhase;
			buildActionMask = 2147483647;
			files = (
			);
			runOnlyForDeploymentPostprocessing = 0;
		};
/* End PBXResourcesBuildPhase section */

/* Begin PBXSourcesBuildPhase section */
		71C977B52878AA8C004A457D /* Sources */ = {
			isa = PBXSourcesBuildPhase;
			buildActionMask = 2147483647;
			files = (
				71C977ED2878AC5D004A457D /* TabViewController.swift in Sources */,
				71C977F62878C1FF004A457D /* FeedView.swift in Sources */,
				71C977BD2878AA8C004A457D /* AppDelegate.swift in Sources */,
				71C978032878C444004A457D /* ViewControllerRepresentable.swift in Sources */,
				71C977BF2878AA8C004A457D /* SceneDelegate.swift in Sources */,
				71C978002878C3DE004A457D /* AccountView.swift in Sources */,
			);
			runOnlyForDeploymentPostprocessing = 0;
		};
		71C977CB2878AA8D004A457D /* Sources */ = {
			isa = PBXSourcesBuildPhase;
			buildActionMask = 2147483647;
			files = (
				71C977D42878AA8D004A457D /* chattyTests.swift in Sources */,
			);
			runOnlyForDeploymentPostprocessing = 0;
		};
		71C977D52878AA8D004A457D /* Sources */ = {
			isa = PBXSourcesBuildPhase;
			buildActionMask = 2147483647;
			files = (
				71C977DE2878AA8D004A457D /* chattyUITests.swift in Sources */,
				71C977E02878AA8D004A457D /* chattyUITestsLaunchTests.swift in Sources */,
			);
			runOnlyForDeploymentPostprocessing = 0;
		};
/* End PBXSourcesBuildPhase section */

/* Begin PBXTargetDependency section */
		71C977D12878AA8D004A457D /* PBXTargetDependency */ = {
			isa = PBXTargetDependency;
			target = 71C977B82878AA8C004A457D /* chatty */;
			targetProxy = 71C977D02878AA8D004A457D /* PBXContainerItemProxy */;
		};
		71C977DB2878AA8D004A457D /* PBXTargetDependency */ = {
			isa = PBXTargetDependency;
			target = 71C977B82878AA8C004A457D /* chatty */;
			targetProxy = 71C977DA2878AA8D004A457D /* PBXContainerItemProxy */;
		};
/* End PBXTargetDependency section */

/* Begin PBXVariantGroup section */
		71C977C72878AA8D004A457D /* LaunchScreen.storyboard */ = {
			isa = PBXVariantGroup;
			children = (
				71C977C82878AA8D004A457D /* Base */,
			);
			name = LaunchScreen.storyboard;
			sourceTree = "<group>";
		};
/* End PBXVariantGroup section */

/* Begin XCBuildConfiguration section */
		71C977E12878AA8D004A457D /* Debug */ = {
			isa = XCBuildConfiguration;
			buildSettings = {
				ALWAYS_SEARCH_USER_PATHS = NO;
				CLANG_ANALYZER_NONNULL = YES;
				CLANG_ANALYZER_NUMBER_OBJECT_CONVERSION = YES_AGGRESSIVE;
				CLANG_CXX_LANGUAGE_STANDARD = "gnu++17";
				CLANG_ENABLE_MODULES = YES;
				CLANG_ENABLE_OBJC_ARC = YES;
				CLANG_ENABLE_OBJC_WEAK = YES;
				CLANG_WARN_BLOCK_CAPTURE_AUTORELEASING = YES;
				CLANG_WARN_BOOL_CONVERSION = YES;
				CLANG_WARN_COMMA = YES;
				CLANG_WARN_CONSTANT_CONVERSION = YES;
				CLANG_WARN_DEPRECATED_OBJC_IMPLEMENTATIONS = YES;
				CLANG_WARN_DIRECT_OBJC_ISA_USAGE = YES_ERROR;
				CLANG_WARN_DOCUMENTATION_COMMENTS = YES;
				CLANG_WARN_EMPTY_BODY = YES;
				CLANG_WARN_ENUM_CONVERSION = YES;
				CLANG_WARN_INFINITE_RECURSION = YES;
				CLANG_WARN_INT_CONVERSION = YES;
				CLANG_WARN_NON_LITERAL_NULL_CONVERSION = YES;
				CLANG_WARN_OBJC_IMPLICIT_RETAIN_SELF = YES;
				CLANG_WARN_OBJC_LITERAL_CONVERSION = YES;
				CLANG_WARN_OBJC_ROOT_CLASS = YES_ERROR;
				CLANG_WARN_QUOTED_INCLUDE_IN_FRAMEWORK_HEADER = YES;
				CLANG_WARN_RANGE_LOOP_ANALYSIS = YES;
				CLANG_WARN_STRICT_PROTOTYPES = YES;
				CLANG_WARN_SUSPICIOUS_MOVE = YES;
				CLANG_WARN_UNGUARDED_AVAILABILITY = YES_AGGRESSIVE;
				CLANG_WARN_UNREACHABLE_CODE = YES;
				CLANG_WARN__DUPLICATE_METHOD_MATCH = YES;
				COPY_PHASE_STRIP = NO;
				DEBUG_INFORMATION_FORMAT = dwarf;
				ENABLE_STRICT_OBJC_MSGSEND = YES;
				ENABLE_TESTABILITY = YES;
				GCC_C_LANGUAGE_STANDARD = gnu11;
				GCC_DYNAMIC_NO_PIC = NO;
				GCC_NO_COMMON_BLOCKS = YES;
				GCC_OPTIMIZATION_LEVEL = 0;
				GCC_PREPROCESSOR_DEFINITIONS = (
					"DEBUG=1",
					"$(inherited)",
				);
				GCC_WARN_64_TO_32_BIT_CONVERSION = YES;
				GCC_WARN_ABOUT_RETURN_TYPE = YES_ERROR;
				GCC_WARN_UNDECLARED_SELECTOR = YES;
				GCC_WARN_UNINITIALIZED_AUTOS = YES_AGGRESSIVE;
				GCC_WARN_UNUSED_FUNCTION = YES;
				GCC_WARN_UNUSED_VARIABLE = YES;
				IPHONEOS_DEPLOYMENT_TARGET = 15.5;
				MTL_ENABLE_DEBUG_INFO = INCLUDE_SOURCE;
				MTL_FAST_MATH = YES;
				ONLY_ACTIVE_ARCH = YES;
				SDKROOT = iphoneos;
				SWIFT_ACTIVE_COMPILATION_CONDITIONS = DEBUG;
				SWIFT_OPTIMIZATION_LEVEL = "-Onone";
			};
			name = Debug;
		};
		71C977E22878AA8D004A457D /* Release */ = {
			isa = XCBuildConfiguration;
			buildSettings = {
				ALWAYS_SEARCH_USER_PATHS = NO;
				CLANG_ANALYZER_NONNULL = YES;
				CLANG_ANALYZER_NUMBER_OBJECT_CONVERSION = YES_AGGRESSIVE;
				CLANG_CXX_LANGUAGE_STANDARD = "gnu++17";
				CLANG_ENABLE_MODULES = YES;
				CLANG_ENABLE_OBJC_ARC = YES;
				CLANG_ENABLE_OBJC_WEAK = YES;
				CLANG_WARN_BLOCK_CAPTURE_AUTORELEASING = YES;
				CLANG_WARN_BOOL_CONVERSION = YES;
				CLANG_WARN_COMMA = YES;
				CLANG_WARN_CONSTANT_CONVERSION = YES;
				CLANG_WARN_DEPRECATED_OBJC_IMPLEMENTATIONS = YES;
				CLANG_WARN_DIRECT_OBJC_ISA_USAGE = YES_ERROR;
				CLANG_WARN_DOCUMENTATION_COMMENTS = YES;
				CLANG_WARN_EMPTY_BODY = YES;
				CLANG_WARN_ENUM_CONVERSION = YES;
				CLANG_WARN_INFINITE_RECURSION = YES;
				CLANG_WARN_INT_CONVERSION = YES;
				CLANG_WARN_NON_LITERAL_NULL_CONVERSION = YES;
				CLANG_WARN_OBJC_IMPLICIT_RETAIN_SELF = YES;
				CLANG_WARN_OBJC_LITERAL_CONVERSION = YES;
				CLANG_WARN_OBJC_ROOT_CLASS = YES_ERROR;
				CLANG_WARN_QUOTED_INCLUDE_IN_FRAMEWORK_HEADER = YES;
				CLANG_WARN_RANGE_LOOP_ANALYSIS = YES;
				CLANG_WARN_STRICT_PROTOTYPES = YES;
				CLANG_WARN_SUSPICIOUS_MOVE = YES;
				CLANG_WARN_UNGUARDED_AVAILABILITY = YES_AGGRESSIVE;
				CLANG_WARN_UNREACHABLE_CODE = YES;
				CLANG_WARN__DUPLICATE_METHOD_MATCH = YES;
				COPY_PHASE_STRIP = NO;
				DEBUG_INFORMATION_FORMAT = "dwarf-with-dsym";
				ENABLE_NS_ASSERTIONS = NO;
				ENABLE_STRICT_OBJC_MSGSEND = YES;
				GCC_C_LANGUAGE_STANDARD = gnu11;
				GCC_NO_COMMON_BLOCKS = YES;
				GCC_WARN_64_TO_32_BIT_CONVERSION = YES;
				GCC_WARN_ABOUT_RETURN_TYPE = YES_ERROR;
				GCC_WARN_UNDECLARED_SELECTOR = YES;
				GCC_WARN_UNINITIALIZED_AUTOS = YES_AGGRESSIVE;
				GCC_WARN_UNUSED_FUNCTION = YES;
				GCC_WARN_UNUSED_VARIABLE = YES;
				IPHONEOS_DEPLOYMENT_TARGET = 15.5;
				MTL_ENABLE_DEBUG_INFO = NO;
				MTL_FAST_MATH = YES;
				SDKROOT = iphoneos;
				SWIFT_COMPILATION_MODE = wholemodule;
				SWIFT_OPTIMIZATION_LEVEL = "-O";
				VALIDATE_PRODUCT = YES;
			};
			name = Release;
		};
		71C977E42878AA8D004A457D /* Debug */ = {
			isa = XCBuildConfiguration;
			buildSettings = {
				ASSETCATALOG_COMPILER_APPICON_NAME = AppIcon;
				ASSETCATALOG_COMPILER_GLOBAL_ACCENT_COLOR_NAME = AccentColor;
				CODE_SIGN_STYLE = Automatic;
				CURRENT_PROJECT_VERSION = 1;
				DEVELOPMENT_TEAM = 7UZH6B548Y;
				GENERATE_INFOPLIST_FILE = YES;
				INFOPLIST_FILE = chatty/Info.plist;
				INFOPLIST_KEY_UIApplicationSupportsIndirectInputEvents = YES;
				INFOPLIST_KEY_UILaunchStoryboardName = LaunchScreen;
				INFOPLIST_KEY_UISupportedInterfaceOrientations = UIInterfaceOrientationPortrait;
				INFOPLIST_KEY_UISupportedInterfaceOrientations_iPad = "UIInterfaceOrientationPortrait UIInterfaceOrientationPortraitUpsideDown UIInterfaceOrientationLandscapeLeft UIInterfaceOrientationLandscapeRight";
				INFOPLIST_KEY_UISupportedInterfaceOrientations_iPhone = "UIInterfaceOrientationPortrait UIInterfaceOrientationLandscapeLeft UIInterfaceOrientationLandscapeRight";
				IPHONEOS_DEPLOYMENT_TARGET = 15.0;
				LD_RUNPATH_SEARCH_PATHS = (
					"$(inherited)",
					"@executable_path/Frameworks",
				);
				MARKETING_VERSION = 1.0;
				PRODUCT_BUNDLE_IDENTIFIER = com.ebucelik.chatty;
				PRODUCT_NAME = "$(TARGET_NAME)";
				SWIFT_EMIT_LOC_STRINGS = YES;
				SWIFT_VERSION = 5.0;
				TARGETED_DEVICE_FAMILY = 1;
			};
			name = Debug;
		};
		71C977E52878AA8D004A457D /* Release */ = {
			isa = XCBuildConfiguration;
			buildSettings = {
				ASSETCATALOG_COMPILER_APPICON_NAME = AppIcon;
				ASSETCATALOG_COMPILER_GLOBAL_ACCENT_COLOR_NAME = AccentColor;
				CODE_SIGN_STYLE = Automatic;
				CURRENT_PROJECT_VERSION = 1;
				DEVELOPMENT_TEAM = 7UZH6B548Y;
				GENERATE_INFOPLIST_FILE = YES;
				INFOPLIST_FILE = chatty/Info.plist;
				INFOPLIST_KEY_UIApplicationSupportsIndirectInputEvents = YES;
				INFOPLIST_KEY_UILaunchStoryboardName = LaunchScreen;
				INFOPLIST_KEY_UISupportedInterfaceOrientations = UIInterfaceOrientationPortrait;
				INFOPLIST_KEY_UISupportedInterfaceOrientations_iPad = "UIInterfaceOrientationPortrait UIInterfaceOrientationPortraitUpsideDown UIInterfaceOrientationLandscapeLeft UIInterfaceOrientationLandscapeRight";
				INFOPLIST_KEY_UISupportedInterfaceOrientations_iPhone = "UIInterfaceOrientationPortrait UIInterfaceOrientationLandscapeLeft UIInterfaceOrientationLandscapeRight";
				IPHONEOS_DEPLOYMENT_TARGET = 15.0;
				LD_RUNPATH_SEARCH_PATHS = (
					"$(inherited)",
					"@executable_path/Frameworks",
				);
				MARKETING_VERSION = 1.0;
				PRODUCT_BUNDLE_IDENTIFIER = com.ebucelik.chatty;
				PRODUCT_NAME = "$(TARGET_NAME)";
				SWIFT_EMIT_LOC_STRINGS = YES;
				SWIFT_VERSION = 5.0;
				TARGETED_DEVICE_FAMILY = 1;
			};
			name = Release;
		};
		71C977E72878AA8D004A457D /* Debug */ = {
			isa = XCBuildConfiguration;
			buildSettings = {
				ALWAYS_EMBED_SWIFT_STANDARD_LIBRARIES = YES;
				BUNDLE_LOADER = "$(TEST_HOST)";
				CODE_SIGN_STYLE = Automatic;
				CURRENT_PROJECT_VERSION = 1;
				DEVELOPMENT_TEAM = 7UZH6B548Y;
				GENERATE_INFOPLIST_FILE = YES;
				IPHONEOS_DEPLOYMENT_TARGET = 15.5;
				MARKETING_VERSION = 1.0;
				PRODUCT_BUNDLE_IDENTIFIER = com.ebucelik.chattyTests;
				PRODUCT_NAME = "$(TARGET_NAME)";
				SWIFT_EMIT_LOC_STRINGS = NO;
				SWIFT_VERSION = 5.0;
				TARGETED_DEVICE_FAMILY = "1,2";
				TEST_HOST = "$(BUILT_PRODUCTS_DIR)/chatty.app/chatty";
			};
			name = Debug;
		};
		71C977E82878AA8D004A457D /* Release */ = {
			isa = XCBuildConfiguration;
			buildSettings = {
				ALWAYS_EMBED_SWIFT_STANDARD_LIBRARIES = YES;
				BUNDLE_LOADER = "$(TEST_HOST)";
				CODE_SIGN_STYLE = Automatic;
				CURRENT_PROJECT_VERSION = 1;
				DEVELOPMENT_TEAM = 7UZH6B548Y;
				GENERATE_INFOPLIST_FILE = YES;
				IPHONEOS_DEPLOYMENT_TARGET = 15.5;
				MARKETING_VERSION = 1.0;
				PRODUCT_BUNDLE_IDENTIFIER = com.ebucelik.chattyTests;
				PRODUCT_NAME = "$(TARGET_NAME)";
				SWIFT_EMIT_LOC_STRINGS = NO;
				SWIFT_VERSION = 5.0;
				TARGETED_DEVICE_FAMILY = "1,2";
				TEST_HOST = "$(BUILT_PRODUCTS_DIR)/chatty.app/chatty";
			};
			name = Release;
		};
		71C977EA2878AA8D004A457D /* Debug */ = {
			isa = XCBuildConfiguration;
			buildSettings = {
				ALWAYS_EMBED_SWIFT_STANDARD_LIBRARIES = YES;
				CODE_SIGN_STYLE = Automatic;
				CURRENT_PROJECT_VERSION = 1;
				DEVELOPMENT_TEAM = 7UZH6B548Y;
				GENERATE_INFOPLIST_FILE = YES;
				MARKETING_VERSION = 1.0;
				PRODUCT_BUNDLE_IDENTIFIER = com.ebucelik.chattyUITests;
				PRODUCT_NAME = "$(TARGET_NAME)";
				SWIFT_EMIT_LOC_STRINGS = NO;
				SWIFT_VERSION = 5.0;
				TARGETED_DEVICE_FAMILY = "1,2";
				TEST_TARGET_NAME = chatty;
			};
			name = Debug;
		};
		71C977EB2878AA8D004A457D /* Release */ = {
			isa = XCBuildConfiguration;
			buildSettings = {
				ALWAYS_EMBED_SWIFT_STANDARD_LIBRARIES = YES;
				CODE_SIGN_STYLE = Automatic;
				CURRENT_PROJECT_VERSION = 1;
				DEVELOPMENT_TEAM = 7UZH6B548Y;
				GENERATE_INFOPLIST_FILE = YES;
				MARKETING_VERSION = 1.0;
				PRODUCT_BUNDLE_IDENTIFIER = com.ebucelik.chattyUITests;
				PRODUCT_NAME = "$(TARGET_NAME)";
				SWIFT_EMIT_LOC_STRINGS = NO;
				SWIFT_VERSION = 5.0;
				TARGETED_DEVICE_FAMILY = "1,2";
				TEST_TARGET_NAME = chatty;
			};
			name = Release;
		};
/* End XCBuildConfiguration section */

/* Begin XCConfigurationList section */
		71C977B42878AA8C004A457D /* Build configuration list for PBXProject "chatty" */ = {
			isa = XCConfigurationList;
			buildConfigurations = (
				71C977E12878AA8D004A457D /* Debug */,
				71C977E22878AA8D004A457D /* Release */,
			);
			defaultConfigurationIsVisible = 0;
			defaultConfigurationName = Release;
		};
		71C977E32878AA8D004A457D /* Build configuration list for PBXNativeTarget "chatty" */ = {
			isa = XCConfigurationList;
			buildConfigurations = (
				71C977E42878AA8D004A457D /* Debug */,
				71C977E52878AA8D004A457D /* Release */,
			);
			defaultConfigurationIsVisible = 0;
			defaultConfigurationName = Release;
		};
		71C977E62878AA8D004A457D /* Build configuration list for PBXNativeTarget "chattyTests" */ = {
			isa = XCConfigurationList;
			buildConfigurations = (
				71C977E72878AA8D004A457D /* Debug */,
				71C977E82878AA8D004A457D /* Release */,
			);
			defaultConfigurationIsVisible = 0;
			defaultConfigurationName = Release;
		};
		71C977E92878AA8D004A457D /* Build configuration list for PBXNativeTarget "chattyUITests" */ = {
			isa = XCConfigurationList;
			buildConfigurations = (
				71C977EA2878AA8D004A457D /* Debug */,
				71C977EB2878AA8D004A457D /* Release */,
			);
			defaultConfigurationIsVisible = 0;
			defaultConfigurationName = Release;
		};
/* End XCConfigurationList section */
	};
	rootObject = 71C977B12878AA8C004A457D /* Project object */;
}
